
Microsoft Visual Studio Solution File, Format Version 11.00
# Visual Studio 2010
Project("{FAE04EC0-301F-11D3-BF4B-00C04F79EFBC}") = "CQRS.Messages", "CQRS.Messages\CQRS.Messages.csproj", "{113FC498-7230-4B09-8533-32F3F1C117F3}"
EndProject
Project("{FAE04EC0-301F-11D3-BF4B-00C04F79EFBC}") = "CQRS.Presentation", "CQRS.Presentation\CQRS.Presentation.csproj", "{D3294EFD-A7CD-4FB8-A41A-C6DDB2D14837}"
EndProject
Global
	GlobalSection(SolutionConfigurationPlatforms) = preSolution
		Debug|Any CPU = Debug|Any CPU
		Release|Any CPU = Release|Any CPU
	EndGlobalSection
	GlobalSection(ProjectConfigurationPlatforms) = postSolution
		{113FC498-7230-4B09-8533-32F3F1C117F3}.Debug|Any CPU.ActiveCfg = Debug|Any CPU
		{113FC498-7230-4B09-8533-32F3F1C117F3}.Debug|Any CPU.Build.0 = Debug|Any CPU
		{113FC498-7230-4B09-8533-32F3F1C117F3}.Release|Any CPU.ActiveCfg = Release|Any CPU
		{113FC498-7230-4B09-8533-32F3F1C117F3}.Release|Any CPU.Build.0 = Release|Any CPU
		{D3294EFD-A7CD-4FB8-A41A-C6DDB2D14837}.Debug|Any CPU.ActiveCfg = Debug|Any CPU
		{D3294EFD-A7CD-4FB8-A41A-C6DDB2D14837}.Debug|Any CPU.Build.0 = Debug|Any CPU
		{D3294EFD-A7CD-4FB8-A41A-C6DDB2D14837}.Release|Any CPU.ActiveCfg = Release|Any CPU
		{D3294EFD-A7CD-4FB8-A41A-C6DDB2D14837}.Release|Any CPU.Build.0 = Release|Any CPU
	EndGlobalSection
	GlobalSection(SolutionProperties) = preSolution
		HideSolutionNode = FALSE
	EndGlobalSection
EndGlobal
