
Microsoft Visual Studio Solution File, Format Version 11.00
# Visual Studio 2010
Project("{FAE04EC0-301F-11D3-BF4B-00C04F79EFBC}") = "CQRS.Messages", "CQRS.Messages\CQRS.Messages.csproj", "{113FC498-7230-4B09-8533-32F3F1C117F3}"
EndProject
Project("{C8D11400-126E-41CD-887F-60BD40844F9E}") = "CQRS.Database.EventStore", "CQRS.Database.EventStore\CQRS.Database.EventStore.dbproj", "{67CBC824-A49E-4E9B-A947-360F3DFE65C3}"
EndProject
Project("{FAE04EC0-301F-11D3-BF4B-00C04F79EFBC}") = "CQRS.Domain", "CQRS.Domain\CQRS.Domain.csproj", "{57304B6B-9FE5-4446-BB7B-61115FFDFE80}"
EndProject
Project("{FAE04EC0-301F-11D3-BF4B-00C04F79EFBC}") = "CQRS.Infrastructure", "CQRS.Infrastructure\CQRS.Infrastructure.csproj", "{57F56567-AFF9-4C52-9139-9D61451070E9}"
EndProject
Project("{FAE04EC0-301F-11D3-BF4B-00C04F79EFBC}") = "CQRS.WriteService", "CQRS.WriteService\CQRS.WriteService.csproj", "{D2103CC5-555A-4CCA-B699-FA7080BE6CA7}"
EndProject
Project("{FAE04EC0-301F-11D3-BF4B-00C04F79EFBC}") = "CQRS.Write.Test", "CQRS.Write.Test\CQRS.Write.Test.csproj", "{A7679EB6-B34D-4945-AD1A-D09E2117BA48}"
EndProject
Project("{2150E333-8FDC-42A3-9474-1A3956D46DE8}") = "Solution Items", "Solution Items", "{61BACB13-C043-412E-BBF7-54307C67FF6D}"
	ProjectSection(SolutionItems) = preProject
		CQRS.WriteModel.vsmdi = CQRS.WriteModel.vsmdi
		Local.testsettings = Local.testsettings
		TraceAndTestImpact.testsettings = TraceAndTestImpact.testsettings
	EndProjectSection
EndProject
Global
	GlobalSection(TestCaseManagementSettings) = postSolution
		CategoryFile = CQRS.WriteModel.vsmdi
	EndGlobalSection
	GlobalSection(SolutionConfigurationPlatforms) = preSolution
		Debug|Any CPU = Debug|Any CPU
		Debug|Mixed Platforms = Debug|Mixed Platforms
		Debug|x86 = Debug|x86
		Release|Any CPU = Release|Any CPU
		Release|Mixed Platforms = Release|Mixed Platforms
		Release|x86 = Release|x86
	EndGlobalSection
	GlobalSection(ProjectConfigurationPlatforms) = postSolution
		{113FC498-7230-4B09-8533-32F3F1C117F3}.Debug|Any CPU.ActiveCfg = Debug|Any CPU
		{113FC498-7230-4B09-8533-32F3F1C117F3}.Debug|Any CPU.Build.0 = Debug|Any CPU
		{113FC498-7230-4B09-8533-32F3F1C117F3}.Debug|Mixed Platforms.ActiveCfg = Debug|Any CPU
		{113FC498-7230-4B09-8533-32F3F1C117F3}.Debug|Mixed Platforms.Build.0 = Debug|Any CPU
		{113FC498-7230-4B09-8533-32F3F1C117F3}.Debug|x86.ActiveCfg = Debug|Any CPU
		{113FC498-7230-4B09-8533-32F3F1C117F3}.Release|Any CPU.ActiveCfg = Release|Any CPU
		{113FC498-7230-4B09-8533-32F3F1C117F3}.Release|Any CPU.Build.0 = Release|Any CPU
		{113FC498-7230-4B09-8533-32F3F1C117F3}.Release|Mixed Platforms.ActiveCfg = Release|Any CPU
		{113FC498-7230-4B09-8533-32F3F1C117F3}.Release|Mixed Platforms.Build.0 = Release|Any CPU
		{113FC498-7230-4B09-8533-32F3F1C117F3}.Release|x86.ActiveCfg = Release|Any CPU
		{67CBC824-A49E-4E9B-A947-360F3DFE65C3}.Debug|Any CPU.ActiveCfg = Debug|Any CPU
		{67CBC824-A49E-4E9B-A947-360F3DFE65C3}.Debug|Any CPU.Build.0 = Debug|Any CPU
		{67CBC824-A49E-4E9B-A947-360F3DFE65C3}.Debug|Any CPU.Deploy.0 = Debug|Any CPU
		{67CBC824-A49E-4E9B-A947-360F3DFE65C3}.Debug|Mixed Platforms.ActiveCfg = Debug|Any CPU
		{67CBC824-A49E-4E9B-A947-360F3DFE65C3}.Debug|Mixed Platforms.Build.0 = Debug|Any CPU
		{67CBC824-A49E-4E9B-A947-360F3DFE65C3}.Debug|Mixed Platforms.Deploy.0 = Debug|Any CPU
		{67CBC824-A49E-4E9B-A947-360F3DFE65C3}.Debug|x86.ActiveCfg = Debug|Any CPU
		{67CBC824-A49E-4E9B-A947-360F3DFE65C3}.Release|Any CPU.ActiveCfg = Release|Any CPU
		{67CBC824-A49E-4E9B-A947-360F3DFE65C3}.Release|Any CPU.Build.0 = Release|Any CPU
		{67CBC824-A49E-4E9B-A947-360F3DFE65C3}.Release|Any CPU.Deploy.0 = Release|Any CPU
		{67CBC824-A49E-4E9B-A947-360F3DFE65C3}.Release|Mixed Platforms.ActiveCfg = Release|Any CPU
		{67CBC824-A49E-4E9B-A947-360F3DFE65C3}.Release|Mixed Platforms.Build.0 = Release|Any CPU
		{67CBC824-A49E-4E9B-A947-360F3DFE65C3}.Release|Mixed Platforms.Deploy.0 = Release|Any CPU
		{67CBC824-A49E-4E9B-A947-360F3DFE65C3}.Release|x86.ActiveCfg = Release|Any CPU
		{57304B6B-9FE5-4446-BB7B-61115FFDFE80}.Debug|Any CPU.ActiveCfg = Debug|Any CPU
		{57304B6B-9FE5-4446-BB7B-61115FFDFE80}.Debug|Any CPU.Build.0 = Debug|Any CPU
		{57304B6B-9FE5-4446-BB7B-61115FFDFE80}.Debug|Mixed Platforms.ActiveCfg = Debug|Any CPU
		{57304B6B-9FE5-4446-BB7B-61115FFDFE80}.Debug|Mixed Platforms.Build.0 = Debug|Any CPU
		{57304B6B-9FE5-4446-BB7B-61115FFDFE80}.Debug|x86.ActiveCfg = Debug|Any CPU
		{57304B6B-9FE5-4446-BB7B-61115FFDFE80}.Release|Any CPU.ActiveCfg = Release|Any CPU
		{57304B6B-9FE5-4446-BB7B-61115FFDFE80}.Release|Any CPU.Build.0 = Release|Any CPU
		{57304B6B-9FE5-4446-BB7B-61115FFDFE80}.Release|Mixed Platforms.ActiveCfg = Release|Any CPU
		{57304B6B-9FE5-4446-BB7B-61115FFDFE80}.Release|Mixed Platforms.Build.0 = Release|Any CPU
		{57304B6B-9FE5-4446-BB7B-61115FFDFE80}.Release|x86.ActiveCfg = Release|Any CPU
		{57F56567-AFF9-4C52-9139-9D61451070E9}.Debug|Any CPU.ActiveCfg = Debug|Any CPU
		{57F56567-AFF9-4C52-9139-9D61451070E9}.Debug|Any CPU.Build.0 = Debug|Any CPU
		{57F56567-AFF9-4C52-9139-9D61451070E9}.Debug|Mixed Platforms.ActiveCfg = Debug|Any CPU
		{57F56567-AFF9-4C52-9139-9D61451070E9}.Debug|Mixed Platforms.Build.0 = Debug|Any CPU
		{57F56567-AFF9-4C52-9139-9D61451070E9}.Debug|x86.ActiveCfg = Debug|Any CPU
		{57F56567-AFF9-4C52-9139-9D61451070E9}.Release|Any CPU.ActiveCfg = Release|Any CPU
		{57F56567-AFF9-4C52-9139-9D61451070E9}.Release|Any CPU.Build.0 = Release|Any CPU
		{57F56567-AFF9-4C52-9139-9D61451070E9}.Release|Mixed Platforms.ActiveCfg = Release|Any CPU
		{57F56567-AFF9-4C52-9139-9D61451070E9}.Release|Mixed Platforms.Build.0 = Release|Any CPU
		{57F56567-AFF9-4C52-9139-9D61451070E9}.Release|x86.ActiveCfg = Release|Any CPU
		{D2103CC5-555A-4CCA-B699-FA7080BE6CA7}.Debug|Any CPU.ActiveCfg = Debug|x86
		{D2103CC5-555A-4CCA-B699-FA7080BE6CA7}.Debug|Mixed Platforms.ActiveCfg = Debug|x86
		{D2103CC5-555A-4CCA-B699-FA7080BE6CA7}.Debug|Mixed Platforms.Build.0 = Debug|x86
		{D2103CC5-555A-4CCA-B699-FA7080BE6CA7}.Debug|x86.ActiveCfg = Debug|x86
		{D2103CC5-555A-4CCA-B699-FA7080BE6CA7}.Debug|x86.Build.0 = Debug|x86
		{D2103CC5-555A-4CCA-B699-FA7080BE6CA7}.Release|Any CPU.ActiveCfg = Release|x86
		{D2103CC5-555A-4CCA-B699-FA7080BE6CA7}.Release|Mixed Platforms.ActiveCfg = Release|x86
		{D2103CC5-555A-4CCA-B699-FA7080BE6CA7}.Release|Mixed Platforms.Build.0 = Release|x86
		{D2103CC5-555A-4CCA-B699-FA7080BE6CA7}.Release|x86.ActiveCfg = Release|x86
		{D2103CC5-555A-4CCA-B699-FA7080BE6CA7}.Release|x86.Build.0 = Release|x86
		{A7679EB6-B34D-4945-AD1A-D09E2117BA48}.Debug|Any CPU.ActiveCfg = Debug|Any CPU
		{A7679EB6-B34D-4945-AD1A-D09E2117BA48}.Debug|Any CPU.Build.0 = Debug|Any CPU
		{A7679EB6-B34D-4945-AD1A-D09E2117BA48}.Debug|Mixed Platforms.ActiveCfg = Debug|Any CPU
		{A7679EB6-B34D-4945-AD1A-D09E2117BA48}.Debug|Mixed Platforms.Build.0 = Debug|Any CPU
		{A7679EB6-B34D-4945-AD1A-D09E2117BA48}.Debug|x86.ActiveCfg = Debug|Any CPU
		{A7679EB6-B34D-4945-AD1A-D09E2117BA48}.Release|Any CPU.ActiveCfg = Release|Any CPU
		{A7679EB6-B34D-4945-AD1A-D09E2117BA48}.Release|Any CPU.Build.0 = Release|Any CPU
		{A7679EB6-B34D-4945-AD1A-D09E2117BA48}.Release|Mixed Platforms.ActiveCfg = Release|Any CPU
		{A7679EB6-B34D-4945-AD1A-D09E2117BA48}.Release|Mixed Platforms.Build.0 = Release|Any CPU
		{A7679EB6-B34D-4945-AD1A-D09E2117BA48}.Release|x86.ActiveCfg = Release|Any CPU
	EndGlobalSection
	GlobalSection(SolutionProperties) = preSolution
		HideSolutionNode = FALSE
	EndGlobalSection
EndGlobal
