
Microsoft Visual Studio Solution File, Format Version 11.00
# Visual Studio 2010
Project("{FAE04EC0-301F-11D3-BF4B-00C04F79EFBC}") = "Pariveda.Domain", "Pariveda.Domain\Pariveda.Domain.csproj", "{57304B6B-9FE5-4446-BB7B-61115FFDFE80}"
EndProject
Project("{FAE04EC0-301F-11D3-BF4B-00C04F79EFBC}") = "Pariveda.ReadModel", "Pariveda.ReadModel\Pariveda.ReadModel.csproj", "{8D4A8AC2-E602-4809-B742-F848EF4D4A16}"
EndProject
Project("{FAE04EC0-301F-11D3-BF4B-00C04F79EFBC}") = "Pariveda.Presentation", "Pariveda.Presentation\Pariveda.Presentation.csproj", "{D3294EFD-A7CD-4FB8-A41A-C6DDB2D14837}"
EndProject
Project("{C8D11400-126E-41CD-887F-60BD40844F9E}") = "Pariveda.Database.EventStore", "Pariveda.Database.EventStore\Pariveda.Database.EventStore.dbproj", "{67CBC824-A49E-4E9B-A947-360F3DFE65C3}"
EndProject
Project("{C8D11400-126E-41CD-887F-60BD40844F9E}") = "Pariveda.Database.ReadModel", "Pariveda.Database.ReadModel\Pariveda.Database.ReadModel.dbproj", "{414FDE92-EADF-4153-A3F5-16989E220D24}"
EndProject
Project("{FAE04EC0-301F-11D3-BF4B-00C04F79EFBC}") = "Pariveda.Infrastructure", "Parivda.Infrastructure\Pariveda.Infrastructure.csproj", "{57F56567-AFF9-4C52-9139-9D61451070E9}"
EndProject
Global
	GlobalSection(SolutionConfigurationPlatforms) = preSolution
		Debug|Any CPU = Debug|Any CPU
		Debug|Mixed Platforms = Debug|Mixed Platforms
		Debug|x86 = Debug|x86
		Release|Any CPU = Release|Any CPU
		Release|Mixed Platforms = Release|Mixed Platforms
		Release|x86 = Release|x86
	EndGlobalSection
	GlobalSection(ProjectConfigurationPlatforms) = postSolution
		{57304B6B-9FE5-4446-BB7B-61115FFDFE80}.Debug|Any CPU.ActiveCfg = Debug|Any CPU
		{57304B6B-9FE5-4446-BB7B-61115FFDFE80}.Debug|Any CPU.Build.0 = Debug|Any CPU
		{57304B6B-9FE5-4446-BB7B-61115FFDFE80}.Debug|Mixed Platforms.ActiveCfg = Debug|Any CPU
		{57304B6B-9FE5-4446-BB7B-61115FFDFE80}.Debug|Mixed Platforms.Build.0 = Debug|Any CPU
		{57304B6B-9FE5-4446-BB7B-61115FFDFE80}.Debug|x86.ActiveCfg = Debug|Any CPU
		{57304B6B-9FE5-4446-BB7B-61115FFDFE80}.Release|Any CPU.ActiveCfg = Release|Any CPU
		{57304B6B-9FE5-4446-BB7B-61115FFDFE80}.Release|Any CPU.Build.0 = Release|Any CPU
		{57304B6B-9FE5-4446-BB7B-61115FFDFE80}.Release|Mixed Platforms.ActiveCfg = Release|Any CPU
		{57304B6B-9FE5-4446-BB7B-61115FFDFE80}.Release|Mixed Platforms.Build.0 = Release|Any CPU
		{57304B6B-9FE5-4446-BB7B-61115FFDFE80}.Release|x86.ActiveCfg = Release|Any CPU
		{8D4A8AC2-E602-4809-B742-F848EF4D4A16}.Debug|Any CPU.ActiveCfg = Debug|x86
		{8D4A8AC2-E602-4809-B742-F848EF4D4A16}.Debug|Mixed Platforms.ActiveCfg = Debug|x86
		{8D4A8AC2-E602-4809-B742-F848EF4D4A16}.Debug|Mixed Platforms.Build.0 = Debug|x86
		{8D4A8AC2-E602-4809-B742-F848EF4D4A16}.Debug|x86.ActiveCfg = Debug|x86
		{8D4A8AC2-E602-4809-B742-F848EF4D4A16}.Debug|x86.Build.0 = Debug|x86
		{8D4A8AC2-E602-4809-B742-F848EF4D4A16}.Release|Any CPU.ActiveCfg = Release|x86
		{8D4A8AC2-E602-4809-B742-F848EF4D4A16}.Release|Mixed Platforms.ActiveCfg = Release|x86
		{8D4A8AC2-E602-4809-B742-F848EF4D4A16}.Release|Mixed Platforms.Build.0 = Release|x86
		{8D4A8AC2-E602-4809-B742-F848EF4D4A16}.Release|x86.ActiveCfg = Release|x86
		{8D4A8AC2-E602-4809-B742-F848EF4D4A16}.Release|x86.Build.0 = Release|x86
		{D3294EFD-A7CD-4FB8-A41A-C6DDB2D14837}.Debug|Any CPU.ActiveCfg = Debug|Any CPU
		{D3294EFD-A7CD-4FB8-A41A-C6DDB2D14837}.Debug|Any CPU.Build.0 = Debug|Any CPU
		{D3294EFD-A7CD-4FB8-A41A-C6DDB2D14837}.Debug|Mixed Platforms.ActiveCfg = Debug|Any CPU
		{D3294EFD-A7CD-4FB8-A41A-C6DDB2D14837}.Debug|Mixed Platforms.Build.0 = Debug|Any CPU
		{D3294EFD-A7CD-4FB8-A41A-C6DDB2D14837}.Debug|x86.ActiveCfg = Debug|Any CPU
		{D3294EFD-A7CD-4FB8-A41A-C6DDB2D14837}.Release|Any CPU.ActiveCfg = Release|Any CPU
		{D3294EFD-A7CD-4FB8-A41A-C6DDB2D14837}.Release|Any CPU.Build.0 = Release|Any CPU
		{D3294EFD-A7CD-4FB8-A41A-C6DDB2D14837}.Release|Mixed Platforms.ActiveCfg = Release|Any CPU
		{D3294EFD-A7CD-4FB8-A41A-C6DDB2D14837}.Release|Mixed Platforms.Build.0 = Release|Any CPU
		{D3294EFD-A7CD-4FB8-A41A-C6DDB2D14837}.Release|x86.ActiveCfg = Release|Any CPU
		{67CBC824-A49E-4E9B-A947-360F3DFE65C3}.Debug|Any CPU.ActiveCfg = Debug|Any CPU
		{67CBC824-A49E-4E9B-A947-360F3DFE65C3}.Debug|Any CPU.Build.0 = Debug|Any CPU
		{67CBC824-A49E-4E9B-A947-360F3DFE65C3}.Debug|Any CPU.Deploy.0 = Debug|Any CPU
		{67CBC824-A49E-4E9B-A947-360F3DFE65C3}.Debug|Mixed Platforms.ActiveCfg = Debug|Any CPU
		{67CBC824-A49E-4E9B-A947-360F3DFE65C3}.Debug|Mixed Platforms.Build.0 = Debug|Any CPU
		{67CBC824-A49E-4E9B-A947-360F3DFE65C3}.Debug|Mixed Platforms.Deploy.0 = Debug|Any CPU
		{67CBC824-A49E-4E9B-A947-360F3DFE65C3}.Debug|x86.ActiveCfg = Debug|Any CPU
		{67CBC824-A49E-4E9B-A947-360F3DFE65C3}.Release|Any CPU.ActiveCfg = Release|Any CPU
		{67CBC824-A49E-4E9B-A947-360F3DFE65C3}.Release|Any CPU.Build.0 = Release|Any CPU
		{67CBC824-A49E-4E9B-A947-360F3DFE65C3}.Release|Any CPU.Deploy.0 = Release|Any CPU
		{67CBC824-A49E-4E9B-A947-360F3DFE65C3}.Release|Mixed Platforms.ActiveCfg = Release|Any CPU
		{67CBC824-A49E-4E9B-A947-360F3DFE65C3}.Release|Mixed Platforms.Build.0 = Release|Any CPU
		{67CBC824-A49E-4E9B-A947-360F3DFE65C3}.Release|Mixed Platforms.Deploy.0 = Release|Any CPU
		{67CBC824-A49E-4E9B-A947-360F3DFE65C3}.Release|x86.ActiveCfg = Release|Any CPU
		{414FDE92-EADF-4153-A3F5-16989E220D24}.Debug|Any CPU.ActiveCfg = Debug|Any CPU
		{414FDE92-EADF-4153-A3F5-16989E220D24}.Debug|Any CPU.Build.0 = Debug|Any CPU
		{414FDE92-EADF-4153-A3F5-16989E220D24}.Debug|Any CPU.Deploy.0 = Debug|Any CPU
		{414FDE92-EADF-4153-A3F5-16989E220D24}.Debug|Mixed Platforms.ActiveCfg = Debug|Any CPU
		{414FDE92-EADF-4153-A3F5-16989E220D24}.Debug|Mixed Platforms.Build.0 = Debug|Any CPU
		{414FDE92-EADF-4153-A3F5-16989E220D24}.Debug|Mixed Platforms.Deploy.0 = Debug|Any CPU
		{414FDE92-EADF-4153-A3F5-16989E220D24}.Debug|x86.ActiveCfg = Debug|Any CPU
		{414FDE92-EADF-4153-A3F5-16989E220D24}.Release|Any CPU.ActiveCfg = Release|Any CPU
		{414FDE92-EADF-4153-A3F5-16989E220D24}.Release|Any CPU.Build.0 = Release|Any CPU
		{414FDE92-EADF-4153-A3F5-16989E220D24}.Release|Any CPU.Deploy.0 = Release|Any CPU
		{414FDE92-EADF-4153-A3F5-16989E220D24}.Release|Mixed Platforms.ActiveCfg = Release|Any CPU
		{414FDE92-EADF-4153-A3F5-16989E220D24}.Release|Mixed Platforms.Build.0 = Release|Any CPU
		{414FDE92-EADF-4153-A3F5-16989E220D24}.Release|Mixed Platforms.Deploy.0 = Release|Any CPU
		{414FDE92-EADF-4153-A3F5-16989E220D24}.Release|x86.ActiveCfg = Release|Any CPU
		{57F56567-AFF9-4C52-9139-9D61451070E9}.Debug|Any CPU.ActiveCfg = Debug|Any CPU
		{57F56567-AFF9-4C52-9139-9D61451070E9}.Debug|Any CPU.Build.0 = Debug|Any CPU
		{57F56567-AFF9-4C52-9139-9D61451070E9}.Debug|Mixed Platforms.ActiveCfg = Debug|Any CPU
		{57F56567-AFF9-4C52-9139-9D61451070E9}.Debug|Mixed Platforms.Build.0 = Debug|Any CPU
		{57F56567-AFF9-4C52-9139-9D61451070E9}.Debug|x86.ActiveCfg = Debug|Any CPU
		{57F56567-AFF9-4C52-9139-9D61451070E9}.Release|Any CPU.ActiveCfg = Release|Any CPU
		{57F56567-AFF9-4C52-9139-9D61451070E9}.Release|Any CPU.Build.0 = Release|Any CPU
		{57F56567-AFF9-4C52-9139-9D61451070E9}.Release|Mixed Platforms.ActiveCfg = Release|Any CPU
		{57F56567-AFF9-4C52-9139-9D61451070E9}.Release|Mixed Platforms.Build.0 = Release|Any CPU
		{57F56567-AFF9-4C52-9139-9D61451070E9}.Release|x86.ActiveCfg = Release|Any CPU
	EndGlobalSection
	GlobalSection(SolutionProperties) = preSolution
		HideSolutionNode = FALSE
	EndGlobalSection
EndGlobal
